
Microsoft Visual Studio Solution File, Format Version 12.00
# Visual Studio 15
VisualStudioVersion = 15.0.26730.12
MinimumVisualStudioVersion = 10.0.40219.1
Project("{FAE04EC0-301F-11D3-BF4B-00C04F79EFBC}") = "UICCalculator", "UICCalculator\UICCalculator.csproj", "{154C76F4-C29E-422B-9B7F-D8B798B141B4}"
EndProject
Global
	GlobalSection(SolutionConfigurationPlatforms) = preSolution
		Debug|Any CPU = Debug|Any CPU
		Release|Any CPU = Release|Any CPU
	EndGlobalSection
	GlobalSection(ProjectConfigurationPlatforms) = postSolution
		{154C76F4-C29E-422B-9B7F-D8B798B141B4}.Debug|Any CPU.ActiveCfg = Debug|Any CPU
		{154C76F4-C29E-422B-9B7F-D8B798B141B4}.Debug|Any CPU.Build.0 = Debug|Any CPU
		{154C76F4-C29E-422B-9B7F-D8B798B141B4}.Release|Any CPU.ActiveCfg = Release|Any CPU
		{154C76F4-C29E-422B-9B7F-D8B798B141B4}.Release|Any CPU.Build.0 = Release|Any CPU
	EndGlobalSection
	GlobalSection(SolutionProperties) = preSolution
		HideSolutionNode = FALSE
	EndGlobalSection
	GlobalSection(ExtensibilityGlobals) = postSolution
		SolutionGuid = {35CA659B-2B86-423A-A19D-1F8F68D4674F}
	EndGlobalSection
EndGlobal
